
Microsoft Visual Studio Solution File, Format Version 12.00
# Visual Studio Version 16
VisualStudioVersion = 16.0.30204.135
MinimumVisualStudioVersion = 10.0.40219.1
Project("{FAE04EC0-301F-11D3-BF4B-00C04F79EFBC}") = "PumpkinMC", "PumpkinMC.csproj", "{037028E8-F538-4E71-8386-93A9FD667366}"
EndProject
Global
	GlobalSection(SolutionConfigurationPlatforms) = preSolution
		Debug|Any CPU = Debug|Any CPU
		Release|Any CPU = Release|Any CPU
	EndGlobalSection
	GlobalSection(ProjectConfigurationPlatforms) = postSolution
		{037028E8-F538-4E71-8386-93A9FD667366}.Debug|Any CPU.ActiveCfg = Debug|Any CPU
		{037028E8-F538-4E71-8386-93A9FD667366}.Debug|Any CPU.Build.0 = Debug|Any CPU
		{037028E8-F538-4E71-8386-93A9FD667366}.Release|Any CPU.ActiveCfg = Release|Any CPU
		{037028E8-F538-4E71-8386-93A9FD667366}.Release|Any CPU.Build.0 = Release|Any CPU
	EndGlobalSection
	GlobalSection(SolutionProperties) = preSolution
		HideSolutionNode = FALSE
	EndGlobalSection
	GlobalSection(ExtensibilityGlobals) = postSolution
		SolutionGuid = {60F5FBB4-8D0B-415A-AD8F-7F71B5D8D4FC}
	EndGlobalSection
EndGlobal
